{
    "_readme": [
        "This file locks the dependencies of your project to a known state",
        "Read more about it at https://getcomposer.org/doc/01-basic-usage.md#installing-dependencies",
        "This file is @generated automatically"
    ],
    "content-hash": "2983fb4a65e3ebdfa6f44b7438bfa65d",
    "packages": [
        {
            "name": "rooshan/qore-works",
            "version": "v1.0.14",
            "source": {
                "type": "git",
                "url": "https://github.com/roosht3/qw-installer.git",
                "reference": "337722f03ecd22a50c18addd0f091c3b2dd1baef"
            },
            "dist": {
                "type": "zip",
                "url": "https://api.github.com/repos/roosht3/qw-installer/zipball/337722f03ecd22a50c18addd0f091c3b2dd1baef",
                "reference": "337722f03ecd22a50c18addd0f091c3b2dd1baef",
                "shasum": ""
            },
            "require": {
                "composer-plugin-api": "^1.1"
            },
            "require-dev": {
                "composer/composer": "^1.9"
            },
            "type": "composer-plugin",
            "extra": {
                "class": "Dolphiq\\Composer\\QoreWorksInstallerPlugin"
            },
            "autoload": {
                "psr-0": {
                    "Dolphiq\\Composer": "src/"
                }
            },
            "notification-url": "https://packagist.org/downloads/",
            "authors": [
                {
                    "name": "Rooshan Akthar",
                    "email": "rooshan@dolphiq.nl"
                }
            ],
            "description": "Plugin installer for qore.works",
            "time": "2019-10-29T08:37:53+00:00"
        }
    ],
    "packages-dev": [],
    "aliases": [],
    "minimum-stability": "stable",
    "stability-flags": [],
    "prefer-stable": false,
    "prefer-lowest": false,
    "platform": [],
    "platform-dev": []
}
